PODS:
  - FSCalendar (2.8.4)
  - Refreshable (1.2.0)

DEPENDENCIES:
  - FSCalendar
  - Refreshable

SPEC REPOS:
  trunk:
    - FSCalendar
    - Refreshable

SPEC CHECKSUMS:
  FSCalendar: 2d1d0d9398f12d439f55c1fe0f01525b151b8260
  Refreshable: 0f76b6d198178e6cd2823a553fbf4e84a3dba527

PODFILE CHECKSUM: f5db945eecaa5fc05860e194cde51561694574e3

COCOAPODS: 1.11.3
