PODS:
  - AcknowList (3.0.0)
  - FSCalendar (2.8.4)
  - FSPagerView (0.8.3)
  - Refreshable (1.2.0)
  - Toaster (2.3.0)

DEPENDENCIES:
  - AcknowList
  - FSCalendar
  - FSPagerView
  - Refreshable
  - Toaster

SPEC REPOS:
  trunk:
    - AcknowList
    - FSCalendar
    - FSPagerView
    - Refreshable
    - Toaster

SPEC CHECKSUMS:
  AcknowList: 931531a3e9d66f202ae8e04819a62c50b818b03e
  FSCalendar: 2d1d0d9398f12d439f55c1fe0f01525b151b8260
  FSPagerView: 670405b2f18e2a87fa37f20b00de783e562c25a8
  Refreshable: 0f76b6d198178e6cd2823a553fbf4e84a3dba527
  Toaster: c3473963c78e8cabbf6ea6f11ad0fdaae6f54987

PODFILE CHECKSUM: c2d1874b353e7933673e447984f012cda7b9dd40

COCOAPODS: 1.11.3
