{
  "pins" : [
    {
      "identity" : "alamofire",
      "kind" : "remoteSourceControl",
      "location" : "https://github.com/Alamofire/Alamofire.git",
      "state" : {
        "revision" : "8dd85aee02e39dd280c75eef88ffdb86eed4b07b",
        "version" : "5.6.2"
      }
    },
    {
      "identity" : "bluecryptor",
      "kind" : "remoteSourceControl",
      "location" : "https://github.com/Kitura/BlueCryptor.git",
      "state" : {
        "revision" : "cec97c24b111351e70e448972a7d3fe68a756d6d",
        "version" : "2.0.2"
      }
    },
    {
      "identity" : "blueecc",
      "kind" : "remoteSourceControl",
      "location" : "https://github.com/Kitura/BlueECC.git",
      "state" : {
        "revision" : "baf6ed3fc1a622675f0041b4aff7c02dd1a93818",
        "version" : "1.2.200"
      }
    },
    {
      "identity" : "bluersa",
      "kind" : "remoteSourceControl",
      "location" : "https://github.com/Kitura/BlueRSA.git",
      "state" : {
        "revision" : "440f78db26d8bb073f29590f1c7bd31004da09ae",
        "version" : "1.0.201"
      }
    },
    {
      "identity" : "estabbarcontroller",
      "kind" : "remoteSourceControl",
      "location" : "https://github.com/eggswift/ESTabBarController",
      "state" : {
        "revision" : "93a30b833a05fd916c6d4c5d6e94a270cf3b6636",
        "version" : "2.9.0"
      }
    },
    {
      "identity" : "kingfisher",
      "kind" : "remoteSourceControl",
      "location" : "https://github.com/onevcat/Kingfisher",
      "state" : {
        "revision" : "be1a1acb283a702b99b630f586877ba02234b4cb",
        "version" : "7.3.2"
      }
    },
    {
      "identity" : "kituracontracts",
      "kind" : "remoteSourceControl",
      "location" : "https://github.com/Kitura/KituraContracts.git",
      "state" : {
        "revision" : "8a4778c3aa7833e9e1af884e8819d436c237cd70",
        "version" : "1.2.201"
      }
    },
    {
      "identity" : "loggerapi",
      "kind" : "remoteSourceControl",
      "location" : "https://github.com/Kitura/LoggerAPI.git",
      "state" : {
        "revision" : "e82d34eab3f0b05391082b11ea07d3b70d2f65bb",
        "version" : "1.9.200"
      }
    },
    {
      "identity" : "lottie-ios",
      "kind" : "remoteSourceControl",
      "location" : "https://github.com/airbnb/lottie-ios.git",
      "state" : {
        "revision" : "314537ec697719fa33a9d48210f4d06a463286d3",
        "version" : "3.4.3"
      }
    },
    {
      "identity" : "moya",
      "kind" : "remoteSourceControl",
      "location" : "https://github.com/Moya/Moya",
      "state" : {
        "revision" : "c263811c1f3dbf002be9bd83107f7cdc38992b26",
        "version" : "15.0.3"
      }
    },
    {
      "identity" : "pocketsvg",
      "kind" : "remoteSourceControl",
      "location" : "https://github.com/pocketsvg/PocketSVG",
      "state" : {
        "revision" : "d30bf6678ae93763782a4e19973dc64762d42c4a",
        "version" : "2.7.2"
      }
    },
    {
      "identity" : "pull-to-refresh",
      "kind" : "remoteSourceControl",
      "location" : "https://github.com/eggswift/pull-to-refresh",
      "state" : {
        "revision" : "a858aaeb44abc6428af916e8496429d244fac053",
        "version" : "2.9.3"
      }
    },
    {
      "identity" : "reactiveswift",
      "kind" : "remoteSourceControl",
      "location" : "https://github.com/ReactiveCocoa/ReactiveSwift.git",
      "state" : {
        "revision" : "c43bae3dac73fdd3cb906bd5a1914686ca71ed3c",
        "version" : "6.7.0"
      }
    },
    {
      "identity" : "rxgesture",
      "kind" : "remoteSourceControl",
      "location" : "https://github.com/RxSwiftCommunity/RxGesture",
      "state" : {
        "revision" : "1b137c576b4aaaab949235752278956697c9e4a0",
        "version" : "4.0.4"
      }
    },
    {
      "identity" : "rxkeyboard",
      "kind" : "remoteSourceControl",
      "location" : "https://github.com/RxSwiftCommunity/RxKeyboard",
      "state" : {
        "revision" : "085fd99d7bb4f98e671904fcfe7ff561e66574ad",
        "version" : "2.0.0"
      }
    },
    {
      "identity" : "rxswift",
      "kind" : "remoteSourceControl",
      "location" : "https://github.com/ReactiveX/RxSwift",
      "state" : {
        "revision" : "b4307ba0b6425c0ba4178e138799946c3da594f8",
        "version" : "6.5.0"
      }
    },
    {
      "identity" : "snapkit",
      "kind" : "remoteSourceControl",
      "location" : "https://github.com/SnapKit/SnapKit",
      "state" : {
        "revision" : "f222cbdf325885926566172f6f5f06af95473158",
        "version" : "5.6.0"
      }
    },
    {
      "identity" : "swift-jwt",
      "kind" : "remoteSourceControl",
      "location" : "https://github.com/Kitura/Swift-JWT",
      "state" : {
        "revision" : "47c6384b6923e9bb1f214d2ba4bd52af39440588",
        "version" : "3.6.201"
      }
    },
    {
      "identity" : "swift-log",
      "kind" : "remoteSourceControl",
      "location" : "https://github.com/apple/swift-log.git",
      "state" : {
        "revision" : "6fe203dc33195667ce1759bf0182975e4653ba1c",
        "version" : "1.4.4"
      }
    },
    {
      "identity" : "swiftyuserdefaults",
      "kind" : "remoteSourceControl",
      "location" : "https://github.com/sunshinejr/SwiftyUserDefaults",
      "state" : {
        "revision" : "f66bcd04088582c8fbb5cb8554d577e303bae396",
        "version" : "5.3.0"
      }
    },
    {
      "identity" : "then",
      "kind" : "remoteSourceControl",
      "location" : "https://github.com/devxoul/Then",
      "state" : {
        "revision" : "d41ef523faef0f911369f79c0b96815d9dbb6d7a",
        "version" : "3.0.0"
      }
    }
  ],
  "version" : 2
}
